
Microsoft Visual Studio Solution File, Format Version 12.00
# Visual Studio Version 17
VisualStudioVersion = 17.6.33829.357
MinimumVisualStudioVersion = 10.0.40219.1
Project("{FAE04EC0-301F-11D3-BF4B-00C04F79EFBC}") = "CSharp_Bai2", "CSharp_Bai2.csproj", "{DA0C8CBA-A026-4CE2-BF51-4EDBCEEF7430}"
EndProject
Global
	GlobalSection(SolutionConfigurationPlatforms) = preSolution
		Debug|Any CPU = Debug|Any CPU
		Release|Any CPU = Release|Any CPU
	EndGlobalSection
	GlobalSection(ProjectConfigurationPlatforms) = postSolution
		{DA0C8CBA-A026-4CE2-BF51-4EDBCEEF7430}.Debug|Any CPU.ActiveCfg = Debug|Any CPU
		{DA0C8CBA-A026-4CE2-BF51-4EDBCEEF7430}.Debug|Any CPU.Build.0 = Debug|Any CPU
		{DA0C8CBA-A026-4CE2-BF51-4EDBCEEF7430}.Release|Any CPU.ActiveCfg = Release|Any CPU
		{DA0C8CBA-A026-4CE2-BF51-4EDBCEEF7430}.Release|Any CPU.Build.0 = Release|Any CPU
	EndGlobalSection
	GlobalSection(SolutionProperties) = preSolution
		HideSolutionNode = FALSE
	EndGlobalSection
	GlobalSection(ExtensibilityGlobals) = postSolution
		SolutionGuid = {E72CAA71-C97A-4E25-9DD2-07DD43385902}
	EndGlobalSection
EndGlobal
